
Microsoft Visual Studio Solution File, Format Version 12.00
# Visual Studio Version 17
VisualStudioVersion = 17.3.32929.385
MinimumVisualStudioVersion = 10.0.40219.1
Project("{FAE04EC0-301F-11D3-BF4B-00C04F79EFBC}") = "hafızaoyunuü", "hafızaoyunuü\hafızaoyunuü.csproj", "{DD3DAF09-8F77-4222-A5A9-1D323D784B22}"
EndProject
Global
	GlobalSection(SolutionConfigurationPlatforms) = preSolution
		Debug|Any CPU = Debug|Any CPU
		Release|Any CPU = Release|Any CPU
	EndGlobalSection
	GlobalSection(ProjectConfigurationPlatforms) = postSolution
		{DD3DAF09-8F77-4222-A5A9-1D323D784B22}.Debug|Any CPU.ActiveCfg = Debug|Any CPU
		{DD3DAF09-8F77-4222-A5A9-1D323D784B22}.Debug|Any CPU.Build.0 = Debug|Any CPU
		{DD3DAF09-8F77-4222-A5A9-1D323D784B22}.Release|Any CPU.ActiveCfg = Release|Any CPU
		{DD3DAF09-8F77-4222-A5A9-1D323D784B22}.Release|Any CPU.Build.0 = Release|Any CPU
	EndGlobalSection
	GlobalSection(SolutionProperties) = preSolution
		HideSolutionNode = FALSE
	EndGlobalSection
	GlobalSection(ExtensibilityGlobals) = postSolution
		SolutionGuid = {1118945B-93A5-4B3C-9C9E-D1B297C88310}
	EndGlobalSection
EndGlobal
